{
  "name": "usl-odoo-distribution-tooling",
  "lockfileVersion": 3,
  "requires": true,
  "packages": {
    "": {
      "name": "usl-odoo-distribution-tooling",
      "devDependencies": {
        "impeccable": "4.1.0"
      }
    },
    "node_modules/@impeccable/cli-darwin-arm64": {
      "version": "0.1.5",
      "resolved": "https://registry.npmjs.org/@impeccable/cli-darwin-arm64/-/cli-darwin-arm64-0.1.5.tgz",
      "integrity": "sha512-RvSrbsvzHsyfVaL693mMiWWLauZXas00F5VrNoaqOUvOm478HJUIUnl77H393F9k9LWZNiNFLwIinRnGJ92naA==",
      "cpu": [
        "arm64"
      ],
      "dev": true,
      "license": "SEE LICENSE IN LICENSE",
      "optional": true,
      "os": [
        "darwin"
      ],
      "bin": {
        "impeccable-darwin-arm64": "bin/impeccable"
      }
    },
    "node_modules/@impeccable/cli-darwin-x64": {
      "version": "0.1.5",
      "resolved": "https://registry.npmjs.org/@impeccable/cli-darwin-x64/-/cli-darwin-x64-0.1.5.tgz",
      "integrity": "sha512-wYfhNhVtgosKIjxxWdJ3X/KydASdDIAAdmng8shKUgfiCkY9Tld0psuhVJOdkKoJaRajagp7a2f/tCNN1xdBZA==",
      "cpu": [
        "x64"
      ],
      "dev": true,
      "license": "SEE LICENSE IN LICENSE",
      "optional": true,
      "os": [
        "darwin"
      ],
      "bin": {
        "impeccable-darwin-x64": "bin/impeccable"
      }
    },
    "node_modules/@impeccable/cli-linux-arm64": {
      "version": "0.1.5",
      "resolved": "https://registry.npmjs.org/@impeccable/cli-linux-arm64/-/cli-linux-arm64-0.1.5.tgz",
      "integrity": "sha512-gjWJbOa7/wAECkIOac/x6mq43lDGaGwH87/ErsnrFwk/s5hgtlBF0sPePeB30e/lu1VzGMJcXVUEA8EULv4cCg==",
      "cpu": [
        "arm64"
      ],
      "dev": true,
      "license": "SEE LICENSE IN LICENSE",
      "optional": true,
      "os": [
        "linux"
      ],
      "bin": {
        "impeccable-linux-arm64": "bin/impeccable"
      }
    },
    "node_modules/@impeccable/cli-linux-x64": {
      "version": "0.1.5",
      "resolved": "https://registry.npmjs.org/@impeccable/cli-linux-x64/-/cli-linux-x64-0.1.5.tgz",
      "integrity": "sha512-JZU7kd7s4DOz9w2gwbbpI1u3YLhrcAUNZg/awjZcQFHJwpizv/MhPVUjHKYuChrPn+Oxlpw7KU8adKY1YrSq8g==",
      "cpu": [
        "x64"
      ],
      "dev": true,
      "license": "SEE LICENSE IN LICENSE",
      "optional": true,
      "os": [
        "linux"
      ],
      "bin": {
        "impeccable-linux-x64": "bin/impeccable"
      }
    },
    "node_modules/@impeccable/cli-windows-x64": {
      "version": "0.1.5",
      "resolved": "https://registry.npmjs.org/@impeccable/cli-windows-x64/-/cli-windows-x64-0.1.5.tgz",
      "integrity": "sha512-kVZFjQIjb84mF2klxTspxE1OilalO/OmYDQnLkCJeDJCQLr6+L6HvbghJ1TChq87uyMu4GQNDPr9VV+h+Z+tCQ==",
      "cpu": [
        "x64"
      ],
      "dev": true,
      "license": "SEE LICENSE IN LICENSE",
      "optional": true,
      "os": [
        "win32"
      ],
      "bin": {
        "impeccable-windows-x64": "bin/impeccable.exe"
      }
    },
    "node_modules/impeccable": {
      "version": "4.1.0",
      "resolved": "https://registry.npmjs.org/impeccable/-/impeccable-4.1.0.tgz",
      "integrity": "sha512-hnfdoUK/Xg3qPtL0/5xzh92qKOtmREOZloCmFgnC1nYh3M81ihwCQEL2QWKntYl8qg1OG+jQ7wubR634PgTDIw==",
      "dev": true,
      "license": "Apache-2.0",
      "bin": {
        "impeccable": "cli/bin/cli.js"
      },
      "engines": {
        "node": ">=22.18.0"
      },
      "optionalDependencies": {
        "@impeccable/cli-darwin-arm64": "0.1.5",
        "@impeccable/cli-darwin-x64": "0.1.5",
        "@impeccable/cli-linux-arm64": "0.1.5",
        "@impeccable/cli-linux-x64": "0.1.5",
        "@impeccable/cli-windows-x64": "0.1.5"
      }
    }
  }
}
